// !$*UTF8*$!
{
	archiveVersion = 1;
	classes = {
	};
	objectVersion = 54;
	objects = {

/* Begin PBXBuildFile section */
		4C7016FF2C36B9D9001DCB15 /* Panel.xib in Resources */ = {isa = PBXBuildFile; fileRef = 4C7016FE2C36B9D9001DCB15 /* Panel.xib */; };
		4C7017022C36B9E0001DCB15 /* MainMenu.xib in Resources */ = {isa = PBXBuildFile; fileRef = 4C7017002C36B9E0001DCB15 /* MainMenu.xib */; };
		4C70170B2C36BA57001DCB15 /* BackgroundView.m in Sources */ = {isa = PBXBuildFile; fileRef = 4C7017032C36BA57001DCB15 /* BackgroundView.m */; };
		4C70170C2C36BA57001DCB15 /* EntryTextView.m in Sources */ = {isa = PBXBuildFile; fileRef = 4C7017052C36BA57001DCB15 /* EntryTextView.m */; settings = {COMPILER_FLAGS = "-fno-objc-arc"; }; };
		4C70170D2C36BA57001DCB15 /* FocusableScrollView.m in Sources */ = {isa = PBXBuildFile; fileRef = 4C7017072C36BA57001DCB15 /* FocusableScrollView.m */; };
		4C70170E2C36BA57001DCB15 /* Panel.m in Sources */ = {isa = PBXBuildFile; fileRef = 4C70170A2C36BA57001DCB15 /* Panel.m */; };
		4C7017162C36BAC8001DCB15 /* MenubarController.m in Sources */ = {isa = PBXBuildFile; fileRef = 4C7017122C36BAC8001DCB15 /* MenubarController.m */; settings = {COMPILER_FLAGS = "-fno-objc-arc"; }; };
		4C7017172C36BAC8001DCB15 /* PanelController.m in Sources */ = {isa = PBXBuildFile; fileRef = 4C7017132C36BAC8001DCB15 /* PanelController.m */; };
		4C7017182C36BAC8001DCB15 /* ApplicationDelegate.m in Sources */ = {isa = PBXBuildFile; fileRef = 4C7017152C36BAC8001DCB15 /* ApplicationDelegate.m */; settings = {COMPILER_FLAGS = "-fno-objc-arc"; }; };
		4C70171F2C36BB2F001DCB15 /* CHCSVParser.m in Sources */ = {isa = PBXBuildFile; fileRef = 4C70171A2C36BB2F001DCB15 /* CHCSVParser.m */; };
		4C7017202C36BB2F001DCB15 /* ISO8601DateFormatter.m in Sources */ = {isa = PBXBuildFile; fileRef = 4C70171B2C36BB2F001DCB15 /* ISO8601DateFormatter.m */; settings = {COMPILER_FLAGS = "-fno-objc-arc"; }; };
		4C7017212C36BB2F001DCB15 /* DDHotKeyCenter.m in Sources */ = {isa = PBXBuildFile; fileRef = 4C70171D2C36BB2F001DCB15 /* DDHotKeyCenter.m */; settings = {COMPILER_FLAGS = "-fno-objc-arc"; }; };
		4C70172B2C36BBCF001DCB15 /* main.m in Sources */ = {isa = PBXBuildFile; fileRef = 4C7017242C36BBCF001DCB15 /* main.m */; };
		4C70172C2C36BBCF001DCB15 /* StatusStore.m in Sources */ = {isa = PBXBuildFile; fileRef = 4C7017252C36BBCF001DCB15 /* StatusStore.m */; settings = {COMPILER_FLAGS = "-fno-objc-arc"; }; };
		4C70172D2C36BBCF001DCB15 /* Entry.m in Sources */ = {isa = PBXBuildFile; fileRef = 4C7017262C36BBCF001DCB15 /* Entry.m */; settings = {COMPILER_FLAGS = "-fno-objc-arc"; }; };
		4C70172E2C36BBCF001DCB15 /* Utilities.m in Sources */ = {isa = PBXBuildFile; fileRef = 4C70172A2C36BBCF001DCB15 /* Utilities.m */; settings = {COMPILER_FLAGS = "-fno-objc-arc"; }; };
		4C7017342C36BC6F001DCB15 /* Status.png in Resources */ = {isa = PBXBuildFile; fileRef = 4C7017302C36BC6F001DCB15 /* Status.png */; };
		4C7017352C36BC6F001DCB15 /* Icons.icns in Resources */ = {isa = PBXBuildFile; fileRef = 4C7017312C36BC6F001DCB15 /* Icons.icns */; };
		4C7017362C36BC6F001DCB15 /* StatusFailed.png in Resources */ = {isa = PBXBuildFile; fileRef = 4C7017322C36BC6F001DCB15 /* StatusFailed.png */; };
		4C7017372C36BC6F001DCB15 /* StatusInactive.png in Resources */ = {isa = PBXBuildFile; fileRef = 4C7017332C36BC6F001DCB15 /* StatusInactive.png */; };
		4CD461C21559D3E4000133D6 /* Carbon.framework in Frameworks */ = {isa = PBXBuildFile; fileRef = 4CD461C11559D3E3000133D6 /* Carbon.framework */; };
		DD4F7C0913C30F9F00825C6E /* Cocoa.framework in Frameworks */ = {isa = PBXBuildFile; fileRef = DD4F7C0813C30F9F00825C6E /* Cocoa.framework */; };
/* End PBXBuildFile section */

/* Begin PBXCopyFilesBuildPhase section */
		4CF02C3316D0570E00D129B1 /* CopyFiles */ = {
			isa = PBXCopyFilesBuildPhase;
			buildActionMask = 2147483647;
			dstPath = "";
			dstSubfolderSpec = 10;
			files = (
			);
			runOnlyForDeploymentPostprocessing = 0;
		};
/* End PBXCopyFilesBuildPhase section */

/* Begin PBXFileReference section */
		4C7016FE2C36B9D9001DCB15 /* Panel.xib */ = {isa = PBXFileReference; fileEncoding = 4; lastKnownFileType = file.xib; name = Panel.xib; path = xib/Panel.xib; sourceTree = "<group>"; };
		4C7017012C36B9E0001DCB15 /* en */ = {isa = PBXFileReference; lastKnownFileType = file.xib; name = en; path = xib/en.lproj/MainMenu.xib; sourceTree = "<group>"; };
		4C7017032C36BA57001DCB15 /* BackgroundView.m */ = {isa = PBXFileReference; fileEncoding = 4; lastKnownFileType = sourcecode.c.objc; name = BackgroundView.m; path = src/views/BackgroundView.m; sourceTree = SOURCE_ROOT; };
		4C7017042C36BA57001DCB15 /* EntryTextView.h */ = {isa = PBXFileReference; fileEncoding = 4; lastKnownFileType = sourcecode.c.h; name = EntryTextView.h; path = src/views/EntryTextView.h; sourceTree = SOURCE_ROOT; };
		4C7017052C36BA57001DCB15 /* EntryTextView.m */ = {isa = PBXFileReference; fileEncoding = 4; lastKnownFileType = sourcecode.c.objc; name = EntryTextView.m; path = src/views/EntryTextView.m; sourceTree = SOURCE_ROOT; };
		4C7017062C36BA57001DCB15 /* FocusableScrollView.h */ = {isa = PBXFileReference; fileEncoding = 4; lastKnownFileType = sourcecode.c.h; name = FocusableScrollView.h; path = src/views/FocusableScrollView.h; sourceTree = SOURCE_ROOT; };
		4C7017072C36BA57001DCB15 /* FocusableScrollView.m */ = {isa = PBXFileReference; fileEncoding = 4; lastKnownFileType = sourcecode.c.objc; name = FocusableScrollView.m; path = src/views/FocusableScrollView.m; sourceTree = SOURCE_ROOT; };
		4C7017082C36BA57001DCB15 /* BackgroundView.h */ = {isa = PBXFileReference; fileEncoding = 4; lastKnownFileType = sourcecode.c.h; name = BackgroundView.h; path = src/views/BackgroundView.h; sourceTree = SOURCE_ROOT; };
		4C7017092C36BA57001DCB15 /* Panel.h */ = {isa = PBXFileReference; fileEncoding = 4; lastKnownFileType = sourcecode.c.h; name = Panel.h; path = src/views/Panel.h; sourceTree = SOURCE_ROOT; };
		4C70170A2C36BA57001DCB15 /* Panel.m */ = {isa = PBXFileReference; fileEncoding = 4; lastKnownFileType = sourcecode.c.objc; name = Panel.m; path = src/views/Panel.m; sourceTree = SOURCE_ROOT; };
		4C70170F2C36BA71001DCB15 /* EntryTextView.m */ = {isa = PBXFileReference; lastKnownFileType = sourcecode.c.objc; name = EntryTextView.m; path = src/views/EntryTextView.m; sourceTree = "<group>"; };
		4C7017102C36BAC8001DCB15 /* MenubarController.h */ = {isa = PBXFileReference; fileEncoding = 4; lastKnownFileType = sourcecode.c.h; name = MenubarController.h; path = src/controllers/MenubarController.h; sourceTree = SOURCE_ROOT; };
		4C7017112C36BAC8001DCB15 /* ApplicationDelegate.h */ = {isa = PBXFileReference; fileEncoding = 4; lastKnownFileType = sourcecode.c.h; name = ApplicationDelegate.h; path = src/controllers/ApplicationDelegate.h; sourceTree = SOURCE_ROOT; };
		4C7017122C36BAC8001DCB15 /* MenubarController.m */ = {isa = PBXFileReference; fileEncoding = 4; lastKnownFileType = sourcecode.c.objc; name = MenubarController.m; path = src/controllers/MenubarController.m; sourceTree = SOURCE_ROOT; };
		4C7017132C36BAC8001DCB15 /* PanelController.m */ = {isa = PBXFileReference; fileEncoding = 4; lastKnownFileType = sourcecode.c.objc; name = PanelController.m; path = src/controllers/PanelController.m; sourceTree = SOURCE_ROOT; };
		4C7017142C36BAC8001DCB15 /* PanelController.h */ = {isa = PBXFileReference; fileEncoding = 4; lastKnownFileType = sourcecode.c.h; name = PanelController.h; path = src/controllers/PanelController.h; sourceTree = SOURCE_ROOT; };
		4C7017152C36BAC8001DCB15 /* ApplicationDelegate.m */ = {isa = PBXFileReference; fileEncoding = 4; lastKnownFileType = sourcecode.c.objc; name = ApplicationDelegate.m; path = src/controllers/ApplicationDelegate.m; sourceTree = SOURCE_ROOT; };
		4C7017192C36BB2F001DCB15 /* CHCSVParser.h */ = {isa = PBXFileReference; fileEncoding = 4; lastKnownFileType = sourcecode.c.h; name = CHCSVParser.h; path = src/external/CHCSVParser.h; sourceTree = SOURCE_ROOT; };
		4C70171A2C36BB2F001DCB15 /* CHCSVParser.m */ = {isa = PBXFileReference; fileEncoding = 4; lastKnownFileType = sourcecode.c.objc; name = CHCSVParser.m; path = src/external/CHCSVParser.m; sourceTree = SOURCE_ROOT; };
		4C70171B2C36BB2F001DCB15 /* ISO8601DateFormatter.m */ = {isa = PBXFileReference; fileEncoding = 4; lastKnownFileType = sourcecode.c.objc; name = ISO8601DateFormatter.m; path = src/external/ISO8601DateFormatter.m; sourceTree = SOURCE_ROOT; };
		4C70171C2C36BB2F001DCB15 /* ISO8601DateFormatter.h */ = {isa = PBXFileReference; fileEncoding = 4; lastKnownFileType = sourcecode.c.h; name = ISO8601DateFormatter.h; path = src/external/ISO8601DateFormatter.h; sourceTree = SOURCE_ROOT; };
		4C70171D2C36BB2F001DCB15 /* DDHotKeyCenter.m */ = {isa = PBXFileReference; fileEncoding = 4; lastKnownFileType = sourcecode.c.objc; name = DDHotKeyCenter.m; path = src/external/DDHotKeyCenter.m; sourceTree = SOURCE_ROOT; };
		4C70171E2C36BB2F001DCB15 /* DDHotKeyCenter.h */ = {isa = PBXFileReference; fileEncoding = 4; lastKnownFileType = sourcecode.c.h; name = DDHotKeyCenter.h; path = src/external/DDHotKeyCenter.h; sourceTree = SOURCE_ROOT; };
		4C7017222C36BBCF001DCB15 /* config.h */ = {isa = PBXFileReference; fileEncoding = 4; lastKnownFileType = sourcecode.c.h; name = config.h; path = src/config.h; sourceTree = SOURCE_ROOT; };
		4C7017232C36BBCF001DCB15 /* Utilities.h */ = {isa = PBXFileReference; fileEncoding = 4; lastKnownFileType = sourcecode.c.h; name = Utilities.h; path = src/Utilities.h; sourceTree = SOURCE_ROOT; };
		4C7017242C36BBCF001DCB15 /* main.m */ = {isa = PBXFileReference; fileEncoding = 4; lastKnownFileType = sourcecode.c.objc; name = main.m; path = src/main.m; sourceTree = SOURCE_ROOT; };
		4C7017252C36BBCF001DCB15 /* StatusStore.m */ = {isa = PBXFileReference; fileEncoding = 4; lastKnownFileType = sourcecode.c.objc; name = StatusStore.m; path = src/StatusStore.m; sourceTree = SOURCE_ROOT; };
		4C7017262C36BBCF001DCB15 /* Entry.m */ = {isa = PBXFileReference; fileEncoding = 4; lastKnownFileType = sourcecode.c.objc; name = Entry.m; path = src/Entry.m; sourceTree = SOURCE_ROOT; };
		4C7017272C36BBCF001DCB15 /* Entry.h */ = {isa = PBXFileReference; fileEncoding = 4; lastKnownFileType = sourcecode.c.h; name = Entry.h; path = src/Entry.h; sourceTree = SOURCE_ROOT; };
		4C7017282C36BBCF001DCB15 /* Tag-Prefix.pch */ = {isa = PBXFileReference; fileEncoding = 4; lastKnownFileType = sourcecode.c.h; name = "Tag-Prefix.pch"; path = "src/Tag-Prefix.pch"; sourceTree = SOURCE_ROOT; };
		4C7017292C36BBCF001DCB15 /* StatusStore.h */ = {isa = PBXFileReference; fileEncoding = 4; lastKnownFileType = sourcecode.c.h; name = StatusStore.h; path = src/StatusStore.h; sourceTree = SOURCE_ROOT; };
		4C70172A2C36BBCF001DCB15 /* Utilities.m */ = {isa = PBXFileReference; fileEncoding = 4; lastKnownFileType = sourcecode.c.objc; name = Utilities.m; path = src/Utilities.m; sourceTree = SOURCE_ROOT; };
		4C70172F2C36BC1C001DCB15 /* Entry.m */ = {isa = PBXFileReference; lastKnownFileType = sourcecode.c.objc; name = Entry.m; path = src/Entry.m; sourceTree = "<group>"; };
		4C7017302C36BC6F001DCB15 /* Status.png */ = {isa = PBXFileReference; lastKnownFileType = image.png; name = Status.png; path = graphics/Status.png; sourceTree = "<group>"; };
		4C7017312C36BC6F001DCB15 /* Icons.icns */ = {isa = PBXFileReference; lastKnownFileType = image.icns; name = Icons.icns; path = graphics/Icons.icns; sourceTree = "<group>"; };
		4C7017322C36BC6F001DCB15 /* StatusFailed.png */ = {isa = PBXFileReference; lastKnownFileType = image.png; name = StatusFailed.png; path = graphics/StatusFailed.png; sourceTree = "<group>"; };
		4C7017332C36BC6F001DCB15 /* StatusInactive.png */ = {isa = PBXFileReference; lastKnownFileType = image.png; name = StatusInactive.png; path = graphics/StatusInactive.png; sourceTree = "<group>"; };
		4CD461C11559D3E3000133D6 /* Carbon.framework */ = {isa = PBXFileReference; lastKnownFileType = wrapper.framework; name = Carbon.framework; path = System/Library/Frameworks/Carbon.framework; sourceTree = SDKROOT; };
		DD4F7C0413C30F9F00825C6E /* Tag.app */ = {isa = PBXFileReference; explicitFileType = wrapper.application; includeInIndex = 0; path = Tag.app; sourceTree = BUILT_PRODUCTS_DIR; };
		DD4F7C0813C30F9F00825C6E /* Cocoa.framework */ = {isa = PBXFileReference; lastKnownFileType = wrapper.framework; name = Cocoa.framework; path = System/Library/Frameworks/Cocoa.framework; sourceTree = SDKROOT; };
		DD4F7C0B13C30F9F00825C6E /* AppKit.framework */ = {isa = PBXFileReference; lastKnownFileType = wrapper.framework; name = AppKit.framework; path = System/Library/Frameworks/AppKit.framework; sourceTree = SDKROOT; };
		DD4F7C0C13C30F9F00825C6E /* CoreData.framework */ = {isa = PBXFileReference; lastKnownFileType = wrapper.framework; name = CoreData.framework; path = System/Library/Frameworks/CoreData.framework; sourceTree = SDKROOT; };
		DD4F7C0D13C30F9F00825C6E /* Foundation.framework */ = {isa = PBXFileReference; lastKnownFileType = wrapper.framework; name = Foundation.framework; path = System/Library/Frameworks/Foundation.framework; sourceTree = SDKROOT; };
		DD4F7C1013C30F9F00825C6E /* Tag-Info.plist */ = {isa = PBXFileReference; lastKnownFileType = text.plist.xml; name = "Tag-Info.plist"; path = "Tag/Tag-Info.plist"; sourceTree = "<group>"; };
/* End PBXFileReference section */

/* Begin PBXFrameworksBuildPhase section */
		DD4F7C0113C30F9F00825C6E /* Frameworks */ = {
			isa = PBXFrameworksBuildPhase;
			buildActionMask = 2147483647;
			files = (
				4CD461C21559D3E4000133D6 /* Carbon.framework in Frameworks */,
				DD4F7C0913C30F9F00825C6E /* Cocoa.framework in Frameworks */,
			);
			runOnlyForDeploymentPostprocessing = 0;
		};
/* End PBXFrameworksBuildPhase section */

/* Begin PBXGroup section */
		4C7016FD2C36B933001DCB15 /* External */ = {
			isa = PBXGroup;
			children = (
				4C7017192C36BB2F001DCB15 /* CHCSVParser.h */,
				4C70171A2C36BB2F001DCB15 /* CHCSVParser.m */,
				4C70171E2C36BB2F001DCB15 /* DDHotKeyCenter.h */,
				4C70171D2C36BB2F001DCB15 /* DDHotKeyCenter.m */,
				4C70171C2C36BB2F001DCB15 /* ISO8601DateFormatter.h */,
				4C70171B2C36BB2F001DCB15 /* ISO8601DateFormatter.m */,
			);
			name = External;
			sourceTree = "<group>";
		};
		DD4F7BF913C30F9F00825C6E = {
			isa = PBXGroup;
			children = (
				4C70172F2C36BC1C001DCB15 /* Entry.m */,
				4C70170F2C36BA71001DCB15 /* EntryTextView.m */,
				DD4F7C0E13C30F9F00825C6E /* Sources */,
				DD4F7C2813C3123E00825C6E /* User Interface */,
				DD4F7C0713C30F9F00825C6E /* Frameworks */,
				DD4F7C0513C30F9F00825C6E /* Products */,
				DD4F7C1013C30F9F00825C6E /* Tag-Info.plist */,
			);
			sourceTree = "<group>";
		};
		DD4F7C0513C30F9F00825C6E /* Products */ = {
			isa = PBXGroup;
			children = (
				DD4F7C0413C30F9F00825C6E /* Tag.app */,
			);
			name = Products;
			sourceTree = "<group>";
		};
		DD4F7C0713C30F9F00825C6E /* Frameworks */ = {
			isa = PBXGroup;
			children = (
				4CD461C11559D3E3000133D6 /* Carbon.framework */,
				DD4F7C0B13C30F9F00825C6E /* AppKit.framework */,
				DD4F7C0C13C30F9F00825C6E /* CoreData.framework */,
				DD4F7C0D13C30F9F00825C6E /* Foundation.framework */,
				DD4F7C0813C30F9F00825C6E /* Cocoa.framework */,
			);
			name = Frameworks;
			sourceTree = "<group>";
		};
		DD4F7C0E13C30F9F00825C6E /* Sources */ = {
			isa = PBXGroup;
			children = (
				4C7016FD2C36B933001DCB15 /* External */,
				DD4F7C2613C311DF00825C6E /* Controllers */,
				DD4F7C3913C317EC00825C6E /* Views */,
				DD4F7C0F13C30F9F00825C6E /* Supporting Files */,
			);
			name = Sources;
			path = Tag;
			sourceTree = "<group>";
		};
		DD4F7C0F13C30F9F00825C6E /* Supporting Files */ = {
			isa = PBXGroup;
			children = (
				4C7017222C36BBCF001DCB15 /* config.h */,
				4C7017272C36BBCF001DCB15 /* Entry.h */,
				4C7017262C36BBCF001DCB15 /* Entry.m */,
				4C7017242C36BBCF001DCB15 /* main.m */,
				4C7017292C36BBCF001DCB15 /* StatusStore.h */,
				4C7017252C36BBCF001DCB15 /* StatusStore.m */,
				4C7017282C36BBCF001DCB15 /* Tag-Prefix.pch */,
				4C7017232C36BBCF001DCB15 /* Utilities.h */,
				4C70172A2C36BBCF001DCB15 /* Utilities.m */,
			);
			name = "Supporting Files";
			sourceTree = "<group>";
		};
		DD4F7C2613C311DF00825C6E /* Controllers */ = {
			isa = PBXGroup;
			children = (
				4C7017112C36BAC8001DCB15 /* ApplicationDelegate.h */,
				4C7017152C36BAC8001DCB15 /* ApplicationDelegate.m */,
				4C7017102C36BAC8001DCB15 /* MenubarController.h */,
				4C7017122C36BAC8001DCB15 /* MenubarController.m */,
				4C7017142C36BAC8001DCB15 /* PanelController.h */,
				4C7017132C36BAC8001DCB15 /* PanelController.m */,
			);
			name = Controllers;
			sourceTree = "<group>";
		};
		DD4F7C2813C3123E00825C6E /* User Interface */ = {
			isa = PBXGroup;
			children = (
				DD4F7C4813C322D800825C6E /* Graphics */,
				DD4F7C2913C3124300825C6E /* XIBs */,
			);
			name = "User Interface";
			sourceTree = "<group>";
		};
		DD4F7C2913C3124300825C6E /* XIBs */ = {
			isa = PBXGroup;
			children = (
				4C7017002C36B9E0001DCB15 /* MainMenu.xib */,
				4C7016FE2C36B9D9001DCB15 /* Panel.xib */,
			);
			name = XIBs;
			sourceTree = "<group>";
		};
		DD4F7C3913C317EC00825C6E /* Views */ = {
			isa = PBXGroup;
			children = (
				4C7017082C36BA57001DCB15 /* BackgroundView.h */,
				4C7017032C36BA57001DCB15 /* BackgroundView.m */,
				4C7017042C36BA57001DCB15 /* EntryTextView.h */,
				4C7017052C36BA57001DCB15 /* EntryTextView.m */,
				4C7017062C36BA57001DCB15 /* FocusableScrollView.h */,
				4C7017072C36BA57001DCB15 /* FocusableScrollView.m */,
				4C7017092C36BA57001DCB15 /* Panel.h */,
				4C70170A2C36BA57001DCB15 /* Panel.m */,
			);
			name = Views;
			sourceTree = "<group>";
		};
		DD4F7C4813C322D800825C6E /* Graphics */ = {
			isa = PBXGroup;
			children = (
				4C7017312C36BC6F001DCB15 /* Icons.icns */,
				4C7017302C36BC6F001DCB15 /* Status.png */,
				4C7017322C36BC6F001DCB15 /* StatusFailed.png */,
				4C7017332C36BC6F001DCB15 /* StatusInactive.png */,
			);
			name = Graphics;
			sourceTree = "<group>";
		};
/* End PBXGroup section */

/* Begin PBXNativeTarget section */
		DD4F7C0313C30F9F00825C6E /* Tag */ = {
			isa = PBXNativeTarget;
			buildConfigurationList = DD4F7C2213C30F9F00825C6E /* Build configuration list for PBXNativeTarget "Tag" */;
			buildPhases = (
				DD4F7C0013C30F9F00825C6E /* Sources */,
				DD4F7C0113C30F9F00825C6E /* Frameworks */,
				DD4F7C0213C30F9F00825C6E /* Resources */,
				4CF02C3316D0570E00D129B1 /* CopyFiles */,
			);
			buildRules = (
			);
			dependencies = (
			);
			name = Tag;
			productName = Popup;
			productReference = DD4F7C0413C30F9F00825C6E /* Tag.app */;
			productType = "com.apple.product-type.application";
		};
/* End PBXNativeTarget section */

/* Begin PBXProject section */
		DD4F7BFB13C30F9F00825C6E /* Project object */ = {
			isa = PBXProject;
			attributes = {
				BuildIndependentTargetsInParallel = YES;
				LastUpgradeCheck = 1540;
			};
			buildConfigurationList = DD4F7BFE13C30F9F00825C6E /* Build configuration list for PBXProject "Tag" */;
			compatibilityVersion = "Xcode 3.2";
			developmentRegion = English;
			hasScannedForEncodings = 0;
			knownRegions = (
				English,
				en,
			);
			mainGroup = DD4F7BF913C30F9F00825C6E;
			productRefGroup = DD4F7C0513C30F9F00825C6E /* Products */;
			projectDirPath = "";
			projectRoot = "";
			targets = (
				DD4F7C0313C30F9F00825C6E /* Tag */,
			);
		};
/* End PBXProject section */

/* Begin PBXResourcesBuildPhase section */
		DD4F7C0213C30F9F00825C6E /* Resources */ = {
			isa = PBXResourcesBuildPhase;
			buildActionMask = 2147483647;
			files = (
				4C7017342C36BC6F001DCB15 /* Status.png in Resources */,
				4C7017352C36BC6F001DCB15 /* Icons.icns in Resources */,
				4C7016FF2C36B9D9001DCB15 /* Panel.xib in Resources */,
				4C7017022C36B9E0001DCB15 /* MainMenu.xib in Resources */,
				4C7017372C36BC6F001DCB15 /* StatusInactive.png in Resources */,
				4C7017362C36BC6F001DCB15 /* StatusFailed.png in Resources */,
			);
			runOnlyForDeploymentPostprocessing = 0;
		};
/* End PBXResourcesBuildPhase section */

/* Begin PBXSourcesBuildPhase section */
		DD4F7C0013C30F9F00825C6E /* Sources */ = {
			isa = PBXSourcesBuildPhase;
			buildActionMask = 2147483647;
			files = (
				4C70172D2C36BBCF001DCB15 /* Entry.m in Sources */,
				4C70170C2C36BA57001DCB15 /* EntryTextView.m in Sources */,
				4C70172C2C36BBCF001DCB15 /* StatusStore.m in Sources */,
				4C70170D2C36BA57001DCB15 /* FocusableScrollView.m in Sources */,
				4C70170B2C36BA57001DCB15 /* BackgroundView.m in Sources */,
				4C7017172C36BAC8001DCB15 /* PanelController.m in Sources */,
				4C7017212C36BB2F001DCB15 /* DDHotKeyCenter.m in Sources */,
				4C70170E2C36BA57001DCB15 /* Panel.m in Sources */,
				4C7017202C36BB2F001DCB15 /* ISO8601DateFormatter.m in Sources */,
				4C7017182C36BAC8001DCB15 /* ApplicationDelegate.m in Sources */,
				4C70171F2C36BB2F001DCB15 /* CHCSVParser.m in Sources */,
				4C70172B2C36BBCF001DCB15 /* main.m in Sources */,
				4C70172E2C36BBCF001DCB15 /* Utilities.m in Sources */,
				4C7017162C36BAC8001DCB15 /* MenubarController.m in Sources */,
			);
			runOnlyForDeploymentPostprocessing = 0;
		};
/* End PBXSourcesBuildPhase section */

/* Begin PBXVariantGroup section */
		4C7017002C36B9E0001DCB15 /* MainMenu.xib */ = {
			isa = PBXVariantGroup;
			children = (
				4C7017012C36B9E0001DCB15 /* en */,
			);
			name = MainMenu.xib;
			sourceTree = "<group>";
		};
/* End PBXVariantGroup section */

/* Begin XCBuildConfiguration section */
		DD4F7C2013C30F9F00825C6E /* Debug */ = {
			isa = XCBuildConfiguration;
			buildSettings = {
				ALWAYS_SEARCH_USER_PATHS = NO;
				CLANG_ANALYZER_LOCALIZABILITY_NONLOCALIZED = YES;
				CLANG_WARN_BLOCK_CAPTURE_AUTORELEASING = YES;
				CLANG_WARN_BOOL_CONVERSION = YES;
				CLANG_WARN_COMMA = YES;
				CLANG_WARN_CONSTANT_CONVERSION = YES;
				CLANG_WARN_DEPRECATED_OBJC_IMPLEMENTATIONS = YES;
				CLANG_WARN_EMPTY_BODY = YES;
				CLANG_WARN_ENUM_CONVERSION = YES;
				CLANG_WARN_INFINITE_RECURSION = YES;
				CLANG_WARN_INT_CONVERSION = YES;
				CLANG_WARN_NON_LITERAL_NULL_CONVERSION = YES;
				CLANG_WARN_OBJC_IMPLICIT_RETAIN_SELF = YES;
				CLANG_WARN_OBJC_LITERAL_CONVERSION = YES;
				CLANG_WARN_QUOTED_INCLUDE_IN_FRAMEWORK_HEADER = YES;
				CLANG_WARN_RANGE_LOOP_ANALYSIS = YES;
				CLANG_WARN_STRICT_PROTOTYPES = YES;
				CLANG_WARN_SUSPICIOUS_MOVE = YES;
				CLANG_WARN_UNREACHABLE_CODE = YES;
				CLANG_WARN__DUPLICATE_METHOD_MATCH = YES;
				COPY_PHASE_STRIP = NO;
				DEAD_CODE_STRIPPING = YES;
				ENABLE_STRICT_OBJC_MSGSEND = YES;
				ENABLE_TESTABILITY = YES;
				ENABLE_USER_SCRIPT_SANDBOXING = YES;
				GCC_C_LANGUAGE_STANDARD = gnu99;
				GCC_DYNAMIC_NO_PIC = NO;
				GCC_ENABLE_OBJC_EXCEPTIONS = YES;
				GCC_NO_COMMON_BLOCKS = YES;
				GCC_OPTIMIZATION_LEVEL = 0;
				GCC_PREPROCESSOR_DEFINITIONS = (
					"DEBUG=1",
					"$(inherited)",
				);
				GCC_SYMBOLS_PRIVATE_EXTERN = NO;
				GCC_VERSION = com.apple.compilers.llvm.clang.1_0;
				GCC_WARN_64_TO_32_BIT_CONVERSION = YES;
				GCC_WARN_ABOUT_MISSING_PROTOTYPES = YES;
				GCC_WARN_ABOUT_RETURN_TYPE = YES;
				GCC_WARN_UNDECLARED_SELECTOR = YES;
				GCC_WARN_UNINITIALIZED_AUTOS = YES;
				GCC_WARN_UNUSED_FUNCTION = YES;
				GCC_WARN_UNUSED_VARIABLE = YES;
				MACOSX_DEPLOYMENT_TARGET = 10.6;
				ONLY_ACTIVE_ARCH = YES;
				SDKROOT = macosx;
			};
			name = Debug;
		};
		DD4F7C2113C30F9F00825C6E /* Release */ = {
			isa = XCBuildConfiguration;
			buildSettings = {
				ALWAYS_SEARCH_USER_PATHS = NO;
				CLANG_ANALYZER_LOCALIZABILITY_NONLOCALIZED = YES;
				CLANG_WARN_BLOCK_CAPTURE_AUTORELEASING = YES;
				CLANG_WARN_BOOL_CONVERSION = YES;
				CLANG_WARN_COMMA = YES;
				CLANG_WARN_CONSTANT_CONVERSION = YES;
				CLANG_WARN_DEPRECATED_OBJC_IMPLEMENTATIONS = YES;
				CLANG_WARN_EMPTY_BODY = YES;
				CLANG_WARN_ENUM_CONVERSION = YES;
				CLANG_WARN_INFINITE_RECURSION = YES;
				CLANG_WARN_INT_CONVERSION = YES;
				CLANG_WARN_NON_LITERAL_NULL_CONVERSION = YES;
				CLANG_WARN_OBJC_IMPLICIT_RETAIN_SELF = YES;
				CLANG_WARN_OBJC_LITERAL_CONVERSION = YES;
				CLANG_WARN_QUOTED_INCLUDE_IN_FRAMEWORK_HEADER = YES;
				CLANG_WARN_RANGE_LOOP_ANALYSIS = YES;
				CLANG_WARN_STRICT_PROTOTYPES = YES;
				CLANG_WARN_SUSPICIOUS_MOVE = YES;
				CLANG_WARN_UNREACHABLE_CODE = YES;
				CLANG_WARN__DUPLICATE_METHOD_MATCH = YES;
				COPY_PHASE_STRIP = YES;
				DEAD_CODE_STRIPPING = YES;
				DEBUG_INFORMATION_FORMAT = "dwarf-with-dsym";
				ENABLE_STRICT_OBJC_MSGSEND = YES;
				ENABLE_USER_SCRIPT_SANDBOXING = YES;
				GCC_C_LANGUAGE_STANDARD = gnu99;
				GCC_ENABLE_OBJC_EXCEPTIONS = YES;
				GCC_NO_COMMON_BLOCKS = YES;
				GCC_VERSION = com.apple.compilers.llvm.clang.1_0;
				GCC_WARN_64_TO_32_BIT_CONVERSION = YES;
				GCC_WARN_ABOUT_MISSING_PROTOTYPES = YES;
				GCC_WARN_ABOUT_RETURN_TYPE = YES;
				GCC_WARN_UNDECLARED_SELECTOR = YES;
				GCC_WARN_UNINITIALIZED_AUTOS = YES;
				GCC_WARN_UNUSED_FUNCTION = YES;
				GCC_WARN_UNUSED_VARIABLE = YES;
				MACOSX_DEPLOYMENT_TARGET = 10.6;
				SDKROOT = macosx;
			};
			name = Release;
		};
		DD4F7C2313C30F9F00825C6E /* Debug */ = {
			isa = XCBuildConfiguration;
			buildSettings = {
				CLANG_ENABLE_OBJC_ARC = YES;
				DEAD_CODE_STRIPPING = YES;
				FRAMEWORK_SEARCH_PATHS = (
					"$(inherited)",
					"\"$(SRCROOT)\"",
				);
				GCC_PRECOMPILE_PREFIX_HEADER = YES;
				GCC_PREFIX_HEADER = "src/Tag-Prefix.pch";
				INFOPLIST_FILE = "Tag/Tag-Info.plist";
				MACOSX_DEPLOYMENT_TARGET = 10.15;
				PRODUCT_BUNDLE_IDENTIFIER = io.tightloop.tag;
				PRODUCT_NAME = Tag;
				SDKROOT = macosx;
				WRAPPER_EXTENSION = app;
			};
			name = Debug;
		};
		DD4F7C2413C30F9F00825C6E /* Release */ = {
			isa = XCBuildConfiguration;
			buildSettings = {
				CLANG_ENABLE_OBJC_ARC = YES;
				DEAD_CODE_STRIPPING = YES;
				FRAMEWORK_SEARCH_PATHS = (
					"$(inherited)",
					"\"$(SRCROOT)\"",
				);
				GCC_PRECOMPILE_PREFIX_HEADER = YES;
				GCC_PREFIX_HEADER = "src/Tag-Prefix.pch";
				INFOPLIST_FILE = "Tag/Tag-Info.plist";
				MACOSX_DEPLOYMENT_TARGET = 10.15;
				ONLY_ACTIVE_ARCH = YES;
				PRODUCT_BUNDLE_IDENTIFIER = io.tightloop.tag;
				PRODUCT_NAME = Tag;
				SDKROOT = macosx;
				WRAPPER_EXTENSION = app;
			};
			name = Release;
		};
/* End XCBuildConfiguration section */

/* Begin XCConfigurationList section */
		DD4F7BFE13C30F9F00825C6E /* Build configuration list for PBXProject "Tag" */ = {
			isa = XCConfigurationList;
			buildConfigurations = (
				DD4F7C2013C30F9F00825C6E /* Debug */,
				DD4F7C2113C30F9F00825C6E /* Release */,
			);
			defaultConfigurationIsVisible = 0;
			defaultConfigurationName = Release;
		};
		DD4F7C2213C30F9F00825C6E /* Build configuration list for PBXNativeTarget "Tag" */ = {
			isa = XCConfigurationList;
			buildConfigurations = (
				DD4F7C2313C30F9F00825C6E /* Debug */,
				DD4F7C2413C30F9F00825C6E /* Release */,
			);
			defaultConfigurationIsVisible = 0;
			defaultConfigurationName = Release;
		};
/* End XCConfigurationList section */
	};
	rootObject = DD4F7BFB13C30F9F00825C6E /* Project object */;
}
